
Microsoft Visual Studio Solution File, Format Version 12.00
# Visual Studio Version 17
VisualStudioVersion = 17.4.33122.133
MinimumVisualStudioVersion = 10.0.40219.1
Project("{FAE04EC0-301F-11D3-BF4B-00C04F79EFBC}") = "PrimerAPI", "PrimerAPI.csproj", "{72E67E1E-5B71-4518-A8F1-5FF59AFE512B}"
EndProject
Global
	GlobalSection(SolutionConfigurationPlatforms) = preSolution
		Debug|Any CPU = Debug|Any CPU
		Release|Any CPU = Release|Any CPU
	EndGlobalSection
	GlobalSection(ProjectConfigurationPlatforms) = postSolution
		{72E67E1E-5B71-4518-A8F1-5FF59AFE512B}.Debug|Any CPU.ActiveCfg = Debug|Any CPU
		{72E67E1E-5B71-4518-A8F1-5FF59AFE512B}.Debug|Any CPU.Build.0 = Debug|Any CPU
		{72E67E1E-5B71-4518-A8F1-5FF59AFE512B}.Release|Any CPU.ActiveCfg = Release|Any CPU
		{72E67E1E-5B71-4518-A8F1-5FF59AFE512B}.Release|Any CPU.Build.0 = Release|Any CPU
	EndGlobalSection
	GlobalSection(SolutionProperties) = preSolution
		HideSolutionNode = FALSE
	EndGlobalSection
	GlobalSection(ExtensibilityGlobals) = postSolution
		SolutionGuid = {ABCB2F2D-BB60-4525-ADE6-9F9CE3528AF0}
	EndGlobalSection
EndGlobal
